// !$*UTF8*$!
{
	archiveVersion = 1;
	classes = {
	};
	objectVersion = 56;
	objects = {

/* Begin PBXBuildFile section */
		5528C3DC2BDCD325004FF6DA /* AppDelegate.swift in Sources */ = {isa = PBXBuildFile; fileRef = 5528C3DB2BDCD325004FF6DA /* AppDelegate.swift */; };
		5528C3DE2BDCD325004FF6DA /* SceneDelegate.swift in Sources */ = {isa = PBXBuildFile; fileRef = 5528C3DD2BDCD325004FF6DA /* SceneDelegate.swift */; };
		5528C3E02BDCD325004FF6DA /* CleanViewController.swift in Sources */ = {isa = PBXBuildFile; fileRef = 5528C3DF2BDCD325004FF6DA /* CleanViewController.swift */; };
		5528C3E52BDCD327004FF6DA /* Assets.xcassets in Resources */ = {isa = PBXBuildFile; fileRef = 5528C3E42BDCD327004FF6DA /* Assets.xcassets */; };
		5528C3E82BDCD327004FF6DA /* Base in Resources */ = {isa = PBXBuildFile; fileRef = 5528C3E72BDCD327004FF6DA /* Base */; };
		5528C3F12BDCD51A004FF6DA /* Then in Frameworks */ = {isa = PBXBuildFile; productRef = 5528C3F02BDCD51A004FF6DA /* Then */; };
		5528C3F42BDCD52B004FF6DA /* JimmyKit in Frameworks */ = {isa = PBXBuildFile; productRef = 5528C3F32BDCD52B004FF6DA /* JimmyKit */; };
		5528C3F72BDCD534004FF6DA /* SnapKit in Frameworks */ = {isa = PBXBuildFile; productRef = 5528C3F62BDCD534004FF6DA /* SnapKit */; };
		5528C3F92BDCD534004FF6DA /* SnapKit-Dynamic in Frameworks */ = {isa = PBXBuildFile; productRef = 5528C3F82BDCD534004FF6DA /* SnapKit-Dynamic */; };
		5528C4072BDCE9FE004FF6DA /* CleanRepository.swift in Sources */ = {isa = PBXBuildFile; fileRef = 5528C4062BDCE9FE004FF6DA /* CleanRepository.swift */; };
		5528C4092BDCEA1D004FF6DA /* DIContainer.swift in Sources */ = {isa = PBXBuildFile; fileRef = 5528C4082BDCEA1D004FF6DA /* DIContainer.swift */; };
		5528C40B2BDCEA2D004FF6DA /* CleanUseCaseInteractor.swift in Sources */ = {isa = PBXBuildFile; fileRef = 5528C40A2BDCEA2D004FF6DA /* CleanUseCaseInteractor.swift */; };
		5528C40D2BDCEAA2004FF6DA /* CleanPresenter.swift in Sources */ = {isa = PBXBuildFile; fileRef = 5528C40C2BDCEAA2004FF6DA /* CleanPresenter.swift */; };
		5528C40F2BDCEC7B004FF6DA /* CleanAPIService.swift in Sources */ = {isa = PBXBuildFile; fileRef = 5528C40E2BDCEC7B004FF6DA /* CleanAPIService.swift */; };
		5528C4152BDCECDF004FF6DA /* VStack_JM.swift in Sources */ = {isa = PBXBuildFile; fileRef = 5528C4112BDCECDF004FF6DA /* VStack_JM.swift */; };
		5528C4162BDCECDF004FF6DA /* ZStack_JM.swift in Sources */ = {isa = PBXBuildFile; fileRef = 5528C4122BDCECDF004FF6DA /* ZStack_JM.swift */; };
		5528C4172BDCECDF004FF6DA /* HStack_JM.swift in Sources */ = {isa = PBXBuildFile; fileRef = 5528C4132BDCECDF004FF6DA /* HStack_JM.swift */; };
		5528C4182BDCECDF004FF6DA /* Spacer_JM.swift in Sources */ = {isa = PBXBuildFile; fileRef = 5528C4142BDCECDF004FF6DA /* Spacer_JM.swift */; };
		5528C41E2BDCED35004FF6DA /* SSDEdge.swift in Sources */ = {isa = PBXBuildFile; fileRef = 5528C41C2BDCED35004FF6DA /* SSDEdge.swift */; };
		5528C41F2BDCED35004FF6DA /* ViewBuilder.swift in Sources */ = {isa = PBXBuildFile; fileRef = 5528C41D2BDCED35004FF6DA /* ViewBuilder.swift */; };
		5528C4222BDCEDE2004FF6DA /* UIView +.swift in Sources */ = {isa = PBXBuildFile; fileRef = 5528C4212BDCEDE2004FF6DA /* UIView +.swift */; };
		5528C4262BDD3E60004FF6DA /* UIButton +.swift in Sources */ = {isa = PBXBuildFile; fileRef = 5528C4252BDD3E60004FF6DA /* UIButton +.swift */; };
		5528C4282BDD47E4004FF6DA /* SwiftUICopyViewController.swift in Sources */ = {isa = PBXBuildFile; fileRef = 5528C4272BDD47E4004FF6DA /* SwiftUICopyViewController.swift */; };
		556993A22BDFC82C00363A8E /* CleanView.swift in Sources */ = {isa = PBXBuildFile; fileRef = 556993A12BDFC82C00363A8E /* CleanView.swift */; };
		556993AA2BE222A600363A8E /* Dependency.swift in Sources */ = {isa = PBXBuildFile; fileRef = 556993A92BE222A600363A8E /* Dependency.swift */; };
/* End PBXBuildFile section */

/* Begin PBXFileReference section */
		5528C3D82BDCD325004FF6DA /* CleanArchitecture.app */ = {isa = PBXFileReference; explicitFileType = wrapper.application; includeInIndex = 0; path = CleanArchitecture.app; sourceTree = BUILT_PRODUCTS_DIR; };
		5528C3DB2BDCD325004FF6DA /* AppDelegate.swift */ = {isa = PBXFileReference; lastKnownFileType = sourcecode.swift; path = AppDelegate.swift; sourceTree = "<group>"; };
		5528C3DD2BDCD325004FF6DA /* SceneDelegate.swift */ = {isa = PBXFileReference; lastKnownFileType = sourcecode.swift; path = SceneDelegate.swift; sourceTree = "<group>"; };
		5528C3DF2BDCD325004FF6DA /* CleanViewController.swift */ = {isa = PBXFileReference; lastKnownFileType = sourcecode.swift; path = CleanViewController.swift; sourceTree = "<group>"; };
		5528C3E42BDCD327004FF6DA /* Assets.xcassets */ = {isa = PBXFileReference; lastKnownFileType = folder.assetcatalog; path = Assets.xcassets; sourceTree = "<group>"; };
		5528C3E72BDCD327004FF6DA /* Base */ = {isa = PBXFileReference; lastKnownFileType = file.storyboard; name = Base; path = Base.lproj/LaunchScreen.storyboard; sourceTree = "<group>"; };
		5528C3E92BDCD327004FF6DA /* Info.plist */ = {isa = PBXFileReference; lastKnownFileType = text.plist.xml; path = Info.plist; sourceTree = "<group>"; };
		5528C4062BDCE9FE004FF6DA /* CleanRepository.swift */ = {isa = PBXFileReference; lastKnownFileType = sourcecode.swift; path = CleanRepository.swift; sourceTree = "<group>"; };
		5528C4082BDCEA1D004FF6DA /* DIContainer.swift */ = {isa = PBXFileReference; lastKnownFileType = sourcecode.swift; path = DIContainer.swift; sourceTree = "<group>"; };
		5528C40A2BDCEA2D004FF6DA /* CleanUseCaseInteractor.swift */ = {isa = PBXFileReference; lastKnownFileType = sourcecode.swift; path = CleanUseCaseInteractor.swift; sourceTree = "<group>"; };
		5528C40C2BDCEAA2004FF6DA /* CleanPresenter.swift */ = {isa = PBXFileReference; lastKnownFileType = sourcecode.swift; path = CleanPresenter.swift; sourceTree = "<group>"; };
		5528C40E2BDCEC7B004FF6DA /* CleanAPIService.swift */ = {isa = PBXFileReference; lastKnownFileType = sourcecode.swift; path = CleanAPIService.swift; sourceTree = "<group>"; };
		5528C4112BDCECDF004FF6DA /* VStack_JM.swift */ = {isa = PBXFileReference; fileEncoding = 4; lastKnownFileType = sourcecode.swift; path = VStack_JM.swift; sourceTree = "<group>"; };
		5528C4122BDCECDF004FF6DA /* ZStack_JM.swift */ = {isa = PBXFileReference; fileEncoding = 4; lastKnownFileType = sourcecode.swift; path = ZStack_JM.swift; sourceTree = "<group>"; };
		5528C4132BDCECDF004FF6DA /* HStack_JM.swift */ = {isa = PBXFileReference; fileEncoding = 4; lastKnownFileType = sourcecode.swift; path = HStack_JM.swift; sourceTree = "<group>"; };
		5528C4142BDCECDF004FF6DA /* Spacer_JM.swift */ = {isa = PBXFileReference; fileEncoding = 4; lastKnownFileType = sourcecode.swift; path = Spacer_JM.swift; sourceTree = "<group>"; };
		5528C41C2BDCED35004FF6DA /* SSDEdge.swift */ = {isa = PBXFileReference; lastKnownFileType = sourcecode.swift; path = SSDEdge.swift; sourceTree = "<group>"; };
		5528C41D2BDCED35004FF6DA /* ViewBuilder.swift */ = {isa = PBXFileReference; lastKnownFileType = sourcecode.swift; path = ViewBuilder.swift; sourceTree = "<group>"; };
		5528C4212BDCEDE2004FF6DA /* UIView +.swift */ = {isa = PBXFileReference; lastKnownFileType = sourcecode.swift; path = "UIView +.swift"; sourceTree = "<group>"; };
		5528C4252BDD3E60004FF6DA /* UIButton +.swift */ = {isa = PBXFileReference; lastKnownFileType = sourcecode.swift; path = "UIButton +.swift"; sourceTree = "<group>"; };
		5528C4272BDD47E4004FF6DA /* SwiftUICopyViewController.swift */ = {isa = PBXFileReference; lastKnownFileType = sourcecode.swift; path = SwiftUICopyViewController.swift; sourceTree = "<group>"; };
		556993A12BDFC82C00363A8E /* CleanView.swift */ = {isa = PBXFileReference; lastKnownFileType = sourcecode.swift; path = CleanView.swift; sourceTree = "<group>"; };
		556993A92BE222A600363A8E /* Dependency.swift */ = {isa = PBXFileReference; lastKnownFileType = sourcecode.swift; path = Dependency.swift; sourceTree = "<group>"; };
/* End PBXFileReference section */

/* Begin PBXFrameworksBuildPhase section */
		5528C3D52BDCD325004FF6DA /* Frameworks */ = {
			isa = PBXFrameworksBuildPhase;
			buildActionMask = 2147483647;
			files = (
				5528C3F72BDCD534004FF6DA /* SnapKit in Frameworks */,
				5528C3F42BDCD52B004FF6DA /* JimmyKit in Frameworks */,
				5528C3F12BDCD51A004FF6DA /* Then in Frameworks */,
				5528C3F92BDCD534004FF6DA /* SnapKit-Dynamic in Frameworks */,
			);
			runOnlyForDeploymentPostprocessing = 0;
		};
/* End PBXFrameworksBuildPhase section */

/* Begin PBXGroup section */
		5528C3CF2BDCD325004FF6DA = {
			isa = PBXGroup;
			children = (
				5528C3DA2BDCD325004FF6DA /* CleanArchitecture */,
				5528C3D92BDCD325004FF6DA /* Products */,
			);
			sourceTree = "<group>";
		};
		5528C3D92BDCD325004FF6DA /* Products */ = {
			isa = PBXGroup;
			children = (
				5528C3D82BDCD325004FF6DA /* CleanArchitecture.app */,
			);
			name = Products;
			sourceTree = "<group>";
		};
		5528C3DA2BDCD325004FF6DA /* CleanArchitecture */ = {
			isa = PBXGroup;
			children = (
				5528C4052BDCE711004FF6DA /* Application */,
				5528C3FE2BDCE63C004FF6DA /* Data */,
				5528C3FD2BDCE638004FF6DA /* Domain */,
				5528C3FA2BDCE5C6004FF6DA /* Presentation */,
			);
			path = CleanArchitecture;
			sourceTree = "<group>";
		};
		5528C3FA2BDCE5C6004FF6DA /* Presentation */ = {
			isa = PBXGroup;
			children = (
				5528C4102BDCECD3004FF6DA /* CustomView */,
				5528C3FC2BDCE5D5004FF6DA /* Presenter */,
				5528C3FB2BDCE5CD004FF6DA /* View */,
			);
			path = Presentation;
			sourceTree = "<group>";
		};
		5528C3FB2BDCE5CD004FF6DA /* View */ = {
			isa = PBXGroup;
			children = (
				5528C3DF2BDCD325004FF6DA /* CleanViewController.swift */,
				556993A12BDFC82C00363A8E /* CleanView.swift */,
				5528C3E62BDCD327004FF6DA /* LaunchScreen.storyboard */,
				5528C4272BDD47E4004FF6DA /* SwiftUICopyViewController.swift */,
			);
			path = View;
			sourceTree = "<group>";
		};
		5528C3FC2BDCE5D5004FF6DA /* Presenter */ = {
			isa = PBXGroup;
			children = (
				5528C40C2BDCEAA2004FF6DA /* CleanPresenter.swift */,
			);
			path = Presenter;
			sourceTree = "<group>";
		};
		5528C3FD2BDCE638004FF6DA /* Domain */ = {
			isa = PBXGroup;
			children = (
				5528C3FF2BDCE6CE004FF6DA /* UseCase */,
				5528C4012BDCE6DF004FF6DA /* Mapper */,
				5528C4002BDCE6D9004FF6DA /* Entity */,
			);
			path = Domain;
			sourceTree = "<group>";
		};
		5528C3FE2BDCE63C004FF6DA /* Data */ = {
			isa = PBXGroup;
			children = (
				5528C4042BDCE706004FF6DA /* Storage */,
				5528C4032BDCE6FD004FF6DA /* API */,
				5528C4022BDCE6F5004FF6DA /* Repository */,
			);
			path = Data;
			sourceTree = "<group>";
		};
		5528C3FF2BDCE6CE004FF6DA /* UseCase */ = {
			isa = PBXGroup;
			children = (
				5528C40A2BDCEA2D004FF6DA /* CleanUseCaseInteractor.swift */,
			);
			path = UseCase;
			sourceTree = "<group>";
		};
		5528C4002BDCE6D9004FF6DA /* Entity */ = {
			isa = PBXGroup;
			children = (
			);
			path = Entity;
			sourceTree = "<group>";
		};
		5528C4012BDCE6DF004FF6DA /* Mapper */ = {
			isa = PBXGroup;
			children = (
			);
			path = Mapper;
			sourceTree = "<group>";
		};
		5528C4022BDCE6F5004FF6DA /* Repository */ = {
			isa = PBXGroup;
			children = (
				5528C4062BDCE9FE004FF6DA /* CleanRepository.swift */,
			);
			path = Repository;
			sourceTree = "<group>";
		};
		5528C4032BDCE6FD004FF6DA /* API */ = {
			isa = PBXGroup;
			children = (
				5528C40E2BDCEC7B004FF6DA /* CleanAPIService.swift */,
			);
			path = API;
			sourceTree = "<group>";
		};
		5528C4042BDCE706004FF6DA /* Storage */ = {
			isa = PBXGroup;
			children = (
			);
			path = Storage;
			sourceTree = "<group>";
		};
		5528C4052BDCE711004FF6DA /* Application */ = {
			isa = PBXGroup;
			children = (
				5528C3E92BDCD327004FF6DA /* Info.plist */,
				5528C3E42BDCD327004FF6DA /* Assets.xcassets */,
				5528C3DB2BDCD325004FF6DA /* AppDelegate.swift */,
				5528C3DD2BDCD325004FF6DA /* SceneDelegate.swift */,
				5528C4242BDCEDF1004FF6DA /* Container */,
				5528C4232BDCEDE4004FF6DA /* Extensions */,
			);
			path = Application;
			sourceTree = "<group>";
		};
		5528C4102BDCECD3004FF6DA /* CustomView */ = {
			isa = PBXGroup;
			children = (
				5528C4202BDCED51004FF6DA /* Utils */,
				5528C4132BDCECDF004FF6DA /* HStack_JM.swift */,
				5528C4142BDCECDF004FF6DA /* Spacer_JM.swift */,
				5528C4112BDCECDF004FF6DA /* VStack_JM.swift */,
				5528C4122BDCECDF004FF6DA /* ZStack_JM.swift */,
			);
			path = CustomView;
			sourceTree = "<group>";
		};
		5528C4202BDCED51004FF6DA /* Utils */ = {
			isa = PBXGroup;
			children = (
				5528C41C2BDCED35004FF6DA /* SSDEdge.swift */,
				5528C41D2BDCED35004FF6DA /* ViewBuilder.swift */,
			);
			name = Utils;
			sourceTree = "<group>";
		};
		5528C4232BDCEDE4004FF6DA /* Extensions */ = {
			isa = PBXGroup;
			children = (
				5528C4212BDCEDE2004FF6DA /* UIView +.swift */,
				5528C4252BDD3E60004FF6DA /* UIButton +.swift */,
			);
			path = Extensions;
			sourceTree = "<group>";
		};
		5528C4242BDCEDF1004FF6DA /* Container */ = {
			isa = PBXGroup;
			children = (
				5528C4082BDCEA1D004FF6DA /* DIContainer.swift */,
				556993A92BE222A600363A8E /* Dependency.swift */,
			);
			path = Container;
			sourceTree = "<group>";
		};
/* End PBXGroup section */

/* Begin PBXNativeTarget section */
		5528C3D72BDCD325004FF6DA /* CleanArchitecture */ = {
			isa = PBXNativeTarget;
			buildConfigurationList = 5528C3EC2BDCD327004FF6DA /* Build configuration list for PBXNativeTarget "CleanArchitecture" */;
			buildPhases = (
				5528C3D42BDCD325004FF6DA /* Sources */,
				5528C3D52BDCD325004FF6DA /* Frameworks */,
				5528C3D62BDCD325004FF6DA /* Resources */,
			);
			buildRules = (
			);
			dependencies = (
			);
			name = CleanArchitecture;
			packageProductDependencies = (
				5528C3F02BDCD51A004FF6DA /* Then */,
				5528C3F32BDCD52B004FF6DA /* JimmyKit */,
				5528C3F62BDCD534004FF6DA /* SnapKit */,
				5528C3F82BDCD534004FF6DA /* SnapKit-Dynamic */,
			);
			productName = CleanArchitecture;
			productReference = 5528C3D82BDCD325004FF6DA /* CleanArchitecture.app */;
			productType = "com.apple.product-type.application";
		};
/* End PBXNativeTarget section */

/* Begin PBXProject section */
		5528C3D02BDCD325004FF6DA /* Project object */ = {
			isa = PBXProject;
			attributes = {
				BuildIndependentTargetsInParallel = 1;
				LastSwiftUpdateCheck = 1530;
				LastUpgradeCheck = 1530;
				TargetAttributes = {
					5528C3D72BDCD325004FF6DA = {
						CreatedOnToolsVersion = 15.3;
					};
				};
			};
			buildConfigurationList = 5528C3D32BDCD325004FF6DA /* Build configuration list for PBXProject "CleanArchitecture" */;
			compatibilityVersion = "Xcode 14.0";
			developmentRegion = en;
			hasScannedForEncodings = 0;
			knownRegions = (
				en,
				Base,
			);
			mainGroup = 5528C3CF2BDCD325004FF6DA;
			packageReferences = (
				5528C3EF2BDCD51A004FF6DA /* XCRemoteSwiftPackageReference "Then" */,
				5528C3F22BDCD52B004FF6DA /* XCRemoteSwiftPackageReference "JimmyKit" */,
				5528C3F52BDCD534004FF6DA /* XCRemoteSwiftPackageReference "SnapKit" */,
			);
			productRefGroup = 5528C3D92BDCD325004FF6DA /* Products */;
			projectDirPath = "";
			projectRoot = "";
			targets = (
				5528C3D72BDCD325004FF6DA /* CleanArchitecture */,
			);
		};
/* End PBXProject section */

/* Begin PBXResourcesBuildPhase section */
		5528C3D62BDCD325004FF6DA /* Resources */ = {
			isa = PBXResourcesBuildPhase;
			buildActionMask = 2147483647;
			files = (
				5528C3E52BDCD327004FF6DA /* Assets.xcassets in Resources */,
				5528C3E82BDCD327004FF6DA /* Base in Resources */,
			);
			runOnlyForDeploymentPostprocessing = 0;
		};
/* End PBXResourcesBuildPhase section */

/* Begin PBXSourcesBuildPhase section */
		5528C3D42BDCD325004FF6DA /* Sources */ = {
			isa = PBXSourcesBuildPhase;
			buildActionMask = 2147483647;
			files = (
				5528C4262BDD3E60004FF6DA /* UIButton +.swift in Sources */,
				5528C3E02BDCD325004FF6DA /* CleanViewController.swift in Sources */,
				5528C3DC2BDCD325004FF6DA /* AppDelegate.swift in Sources */,
				5528C4152BDCECDF004FF6DA /* VStack_JM.swift in Sources */,
				5528C40B2BDCEA2D004FF6DA /* CleanUseCaseInteractor.swift in Sources */,
				5528C4172BDCECDF004FF6DA /* HStack_JM.swift in Sources */,
				556993AA2BE222A600363A8E /* Dependency.swift in Sources */,
				5528C4162BDCECDF004FF6DA /* ZStack_JM.swift in Sources */,
				5528C4282BDD47E4004FF6DA /* SwiftUICopyViewController.swift in Sources */,
				5528C41F2BDCED35004FF6DA /* ViewBuilder.swift in Sources */,
				5528C4182BDCECDF004FF6DA /* Spacer_JM.swift in Sources */,
				5528C4092BDCEA1D004FF6DA /* DIContainer.swift in Sources */,
				5528C4222BDCEDE2004FF6DA /* UIView +.swift in Sources */,
				5528C40D2BDCEAA2004FF6DA /* CleanPresenter.swift in Sources */,
				5528C3DE2BDCD325004FF6DA /* SceneDelegate.swift in Sources */,
				556993A22BDFC82C00363A8E /* CleanView.swift in Sources */,
				5528C40F2BDCEC7B004FF6DA /* CleanAPIService.swift in Sources */,
				5528C4072BDCE9FE004FF6DA /* CleanRepository.swift in Sources */,
				5528C41E2BDCED35004FF6DA /* SSDEdge.swift in Sources */,
			);
			runOnlyForDeploymentPostprocessing = 0;
		};
/* End PBXSourcesBuildPhase section */

/* Begin PBXVariantGroup section */
		5528C3E62BDCD327004FF6DA /* LaunchScreen.storyboard */ = {
			isa = PBXVariantGroup;
			children = (
				5528C3E72BDCD327004FF6DA /* Base */,
			);
			name = LaunchScreen.storyboard;
			sourceTree = "<group>";
		};
/* End PBXVariantGroup section */

/* Begin XCBuildConfiguration section */
		5528C3EA2BDCD327004FF6DA /* Debug */ = {
			isa = XCBuildConfiguration;
			buildSettings = {
				ALWAYS_SEARCH_USER_PATHS = NO;
				ASSETCATALOG_COMPILER_GENERATE_SWIFT_ASSET_SYMBOL_EXTENSIONS = YES;
				CLANG_ANALYZER_NONNULL = YES;
				CLANG_ANALYZER_NUMBER_OBJECT_CONVERSION = YES_AGGRESSIVE;
				CLANG_CXX_LANGUAGE_STANDARD = "gnu++20";
				CLANG_ENABLE_MODULES = YES;
				CLANG_ENABLE_OBJC_ARC = YES;
				CLANG_ENABLE_OBJC_WEAK = YES;
				CLANG_WARN_BLOCK_CAPTURE_AUTORELEASING = YES;
				CLANG_WARN_BOOL_CONVERSION = YES;
				CLANG_WARN_COMMA = YES;
				CLANG_WARN_CONSTANT_CONVERSION = YES;
				CLANG_WARN_DEPRECATED_OBJC_IMPLEMENTATIONS = YES;
				CLANG_WARN_DIRECT_OBJC_ISA_USAGE = YES_ERROR;
				CLANG_WARN_DOCUMENTATION_COMMENTS = YES;
				CLANG_WARN_EMPTY_BODY = YES;
				CLANG_WARN_ENUM_CONVERSION = YES;
				CLANG_WARN_INFINITE_RECURSION = YES;
				CLANG_WARN_INT_CONVERSION = YES;
				CLANG_WARN_NON_LITERAL_NULL_CONVERSION = YES;
				CLANG_WARN_OBJC_IMPLICIT_RETAIN_SELF = YES;
				CLANG_WARN_OBJC_LITERAL_CONVERSION = YES;
				CLANG_WARN_OBJC_ROOT_CLASS = YES_ERROR;
				CLANG_WARN_QUOTED_INCLUDE_IN_FRAMEWORK_HEADER = YES;
				CLANG_WARN_RANGE_LOOP_ANALYSIS = YES;
				CLANG_WARN_STRICT_PROTOTYPES = YES;
				CLANG_WARN_SUSPICIOUS_MOVE = YES;
				CLANG_WARN_UNGUARDED_AVAILABILITY = YES_AGGRESSIVE;
				CLANG_WARN_UNREACHABLE_CODE = YES;
				CLANG_WARN__DUPLICATE_METHOD_MATCH = YES;
				COPY_PHASE_STRIP = NO;
				DEBUG_INFORMATION_FORMAT = dwarf;
				ENABLE_STRICT_OBJC_MSGSEND = YES;
				ENABLE_TESTABILITY = YES;
				ENABLE_USER_SCRIPT_SANDBOXING = YES;
				GCC_C_LANGUAGE_STANDARD = gnu17;
				GCC_DYNAMIC_NO_PIC = NO;
				GCC_NO_COMMON_BLOCKS = YES;
				GCC_OPTIMIZATION_LEVEL = 0;
				GCC_PREPROCESSOR_DEFINITIONS = (
					"DEBUG=1",
					"$(inherited)",
				);
				GCC_WARN_64_TO_32_BIT_CONVERSION = YES;
				GCC_WARN_ABOUT_RETURN_TYPE = YES_ERROR;
				GCC_WARN_UNDECLARED_SELECTOR = YES;
				GCC_WARN_UNINITIALIZED_AUTOS = YES_AGGRESSIVE;
				GCC_WARN_UNUSED_FUNCTION = YES;
				GCC_WARN_UNUSED_VARIABLE = YES;
				IPHONEOS_DEPLOYMENT_TARGET = 17.4;
				LOCALIZATION_PREFERS_STRING_CATALOGS = YES;
				MTL_ENABLE_DEBUG_INFO = INCLUDE_SOURCE;
				MTL_FAST_MATH = YES;
				ONLY_ACTIVE_ARCH = YES;
				SDKROOT = iphoneos;
				SWIFT_ACTIVE_COMPILATION_CONDITIONS = "DEBUG $(inherited)";
				SWIFT_OPTIMIZATION_LEVEL = "-Onone";
			};
			name = Debug;
		};
		5528C3EB2BDCD327004FF6DA /* Release */ = {
			isa = XCBuildConfiguration;
			buildSettings = {
				ALWAYS_SEARCH_USER_PATHS = NO;
				ASSETCATALOG_COMPILER_GENERATE_SWIFT_ASSET_SYMBOL_EXTENSIONS = YES;
				CLANG_ANALYZER_NONNULL = YES;
				CLANG_ANALYZER_NUMBER_OBJECT_CONVERSION = YES_AGGRESSIVE;
				CLANG_CXX_LANGUAGE_STANDARD = "gnu++20";
				CLANG_ENABLE_MODULES = YES;
				CLANG_ENABLE_OBJC_ARC = YES;
				CLANG_ENABLE_OBJC_WEAK = YES;
				CLANG_WARN_BLOCK_CAPTURE_AUTORELEASING = YES;
				CLANG_WARN_BOOL_CONVERSION = YES;
				CLANG_WARN_COMMA = YES;
				CLANG_WARN_CONSTANT_CONVERSION = YES;
				CLANG_WARN_DEPRECATED_OBJC_IMPLEMENTATIONS = YES;
				CLANG_WARN_DIRECT_OBJC_ISA_USAGE = YES_ERROR;
				CLANG_WARN_DOCUMENTATION_COMMENTS = YES;
				CLANG_WARN_EMPTY_BODY = YES;
				CLANG_WARN_ENUM_CONVERSION = YES;
				CLANG_WARN_INFINITE_RECURSION = YES;
				CLANG_WARN_INT_CONVERSION = YES;
				CLANG_WARN_NON_LITERAL_NULL_CONVERSION = YES;
				CLANG_WARN_OBJC_IMPLICIT_RETAIN_SELF = YES;
				CLANG_WARN_OBJC_LITERAL_CONVERSION = YES;
				CLANG_WARN_OBJC_ROOT_CLASS = YES_ERROR;
				CLANG_WARN_QUOTED_INCLUDE_IN_FRAMEWORK_HEADER = YES;
				CLANG_WARN_RANGE_LOOP_ANALYSIS = YES;
				CLANG_WARN_STRICT_PROTOTYPES = YES;
				CLANG_WARN_SUSPICIOUS_MOVE = YES;
				CLANG_WARN_UNGUARDED_AVAILABILITY = YES_AGGRESSIVE;
				CLANG_WARN_UNREACHABLE_CODE = YES;
				CLANG_WARN__DUPLICATE_METHOD_MATCH = YES;
				COPY_PHASE_STRIP = NO;
				DEBUG_INFORMATION_FORMAT = "dwarf-with-dsym";
				ENABLE_NS_ASSERTIONS = NO;
				ENABLE_STRICT_OBJC_MSGSEND = YES;
				ENABLE_USER_SCRIPT_SANDBOXING = YES;
				GCC_C_LANGUAGE_STANDARD = gnu17;
				GCC_NO_COMMON_BLOCKS = YES;
				GCC_WARN_64_TO_32_BIT_CONVERSION = YES;
				GCC_WARN_ABOUT_RETURN_TYPE = YES_ERROR;
				GCC_WARN_UNDECLARED_SELECTOR = YES;
				GCC_WARN_UNINITIALIZED_AUTOS = YES_AGGRESSIVE;
				GCC_WARN_UNUSED_FUNCTION = YES;
				GCC_WARN_UNUSED_VARIABLE = YES;
				IPHONEOS_DEPLOYMENT_TARGET = 17.4;
				LOCALIZATION_PREFERS_STRING_CATALOGS = YES;
				MTL_ENABLE_DEBUG_INFO = NO;
				MTL_FAST_MATH = YES;
				SDKROOT = iphoneos;
				SWIFT_COMPILATION_MODE = wholemodule;
				VALIDATE_PRODUCT = YES;
			};
			name = Release;
		};
		5528C3ED2BDCD327004FF6DA /* Debug */ = {
			isa = XCBuildConfiguration;
			buildSettings = {
				ASSETCATALOG_COMPILER_APPICON_NAME = AppIcon;
				ASSETCATALOG_COMPILER_GLOBAL_ACCENT_COLOR_NAME = AccentColor;
				CODE_SIGN_STYLE = Automatic;
				CURRENT_PROJECT_VERSION = 1;
				DEVELOPMENT_TEAM = VJ2VF4KUF7;
				GENERATE_INFOPLIST_FILE = YES;
				INFOPLIST_FILE = CleanArchitecture/Application/Info.plist;
				INFOPLIST_KEY_UIApplicationSupportsIndirectInputEvents = YES;
				INFOPLIST_KEY_UILaunchStoryboardName = LaunchScreen;
				INFOPLIST_KEY_UISupportedInterfaceOrientations_iPad = "UIInterfaceOrientationPortrait UIInterfaceOrientationPortraitUpsideDown UIInterfaceOrientationLandscapeLeft UIInterfaceOrientationLandscapeRight";
				INFOPLIST_KEY_UISupportedInterfaceOrientations_iPhone = "UIInterfaceOrientationPortrait UIInterfaceOrientationLandscapeLeft UIInterfaceOrientationLandscapeRight";
				LD_RUNPATH_SEARCH_PATHS = (
					"$(inherited)",
					"@executable_path/Frameworks",
				);
				MARKETING_VERSION = 1.0;
				PRODUCT_BUNDLE_IDENTIFIER = com.JunyoungJung.CleanArchitecture;
				PRODUCT_NAME = "$(TARGET_NAME)";
				SWIFT_EMIT_LOC_STRINGS = YES;
				SWIFT_VERSION = 5.0;
				TARGETED_DEVICE_FAMILY = "1,2";
			};
			name = Debug;
		};
		5528C3EE2BDCD327004FF6DA /* Release */ = {
			isa = XCBuildConfiguration;
			buildSettings = {
				ASSETCATALOG_COMPILER_APPICON_NAME = AppIcon;
				ASSETCATALOG_COMPILER_GLOBAL_ACCENT_COLOR_NAME = AccentColor;
				CODE_SIGN_STYLE = Automatic;
				CURRENT_PROJECT_VERSION = 1;
				DEVELOPMENT_TEAM = VJ2VF4KUF7;
				GENERATE_INFOPLIST_FILE = YES;
				INFOPLIST_FILE = CleanArchitecture/Application/Info.plist;
				INFOPLIST_KEY_UIApplicationSupportsIndirectInputEvents = YES;
				INFOPLIST_KEY_UILaunchStoryboardName = LaunchScreen;
				INFOPLIST_KEY_UISupportedInterfaceOrientations_iPad = "UIInterfaceOrientationPortrait UIInterfaceOrientationPortraitUpsideDown UIInterfaceOrientationLandscapeLeft UIInterfaceOrientationLandscapeRight";
				INFOPLIST_KEY_UISupportedInterfaceOrientations_iPhone = "UIInterfaceOrientationPortrait UIInterfaceOrientationLandscapeLeft UIInterfaceOrientationLandscapeRight";
				LD_RUNPATH_SEARCH_PATHS = (
					"$(inherited)",
					"@executable_path/Frameworks",
				);
				MARKETING_VERSION = 1.0;
				PRODUCT_BUNDLE_IDENTIFIER = com.JunyoungJung.CleanArchitecture;
				PRODUCT_NAME = "$(TARGET_NAME)";
				SWIFT_EMIT_LOC_STRINGS = YES;
				SWIFT_VERSION = 5.0;
				TARGETED_DEVICE_FAMILY = "1,2";
			};
			name = Release;
		};
/* End XCBuildConfiguration section */

/* Begin XCConfigurationList section */
		5528C3D32BDCD325004FF6DA /* Build configuration list for PBXProject "CleanArchitecture" */ = {
			isa = XCConfigurationList;
			buildConfigurations = (
				5528C3EA2BDCD327004FF6DA /* Debug */,
				5528C3EB2BDCD327004FF6DA /* Release */,
			);
			defaultConfigurationIsVisible = 0;
			defaultConfigurationName = Release;
		};
		5528C3EC2BDCD327004FF6DA /* Build configuration list for PBXNativeTarget "CleanArchitecture" */ = {
			isa = XCConfigurationList;
			buildConfigurations = (
				5528C3ED2BDCD327004FF6DA /* Debug */,
				5528C3EE2BDCD327004FF6DA /* Release */,
			);
			defaultConfigurationIsVisible = 0;
			defaultConfigurationName = Release;
		};
/* End XCConfigurationList section */

/* Begin XCRemoteSwiftPackageReference section */
		5528C3EF2BDCD51A004FF6DA /* XCRemoteSwiftPackageReference "Then" */ = {
			isa = XCRemoteSwiftPackageReference;
			repositoryURL = "https://github.com/devxoul/Then.git";
			requirement = {
				kind = upToNextMajorVersion;
				minimumVersion = 3.0.0;
			};
		};
		5528C3F22BDCD52B004FF6DA /* XCRemoteSwiftPackageReference "JimmyKit" */ = {
			isa = XCRemoteSwiftPackageReference;
			repositoryURL = "https://github.com/Jimmy-Jung/JimmyKit";
			requirement = {
				kind = upToNextMajorVersion;
				minimumVersion = 1.7.2;
			};
		};
		5528C3F52BDCD534004FF6DA /* XCRemoteSwiftPackageReference "SnapKit" */ = {
			isa = XCRemoteSwiftPackageReference;
			repositoryURL = "https://github.com/SnapKit/SnapKit.git";
			requirement = {
				kind = upToNextMajorVersion;
				minimumVersion = 5.7.1;
			};
		};
/* End XCRemoteSwiftPackageReference section */

/* Begin XCSwiftPackageProductDependency section */
		5528C3F02BDCD51A004FF6DA /* Then */ = {
			isa = XCSwiftPackageProductDependency;
			package = 5528C3EF2BDCD51A004FF6DA /* XCRemoteSwiftPackageReference "Then" */;
			productName = Then;
		};
		5528C3F32BDCD52B004FF6DA /* JimmyKit */ = {
			isa = XCSwiftPackageProductDependency;
			package = 5528C3F22BDCD52B004FF6DA /* XCRemoteSwiftPackageReference "JimmyKit" */;
			productName = JimmyKit;
		};
		5528C3F62BDCD534004FF6DA /* SnapKit */ = {
			isa = XCSwiftPackageProductDependency;
			package = 5528C3F52BDCD534004FF6DA /* XCRemoteSwiftPackageReference "SnapKit" */;
			productName = SnapKit;
		};
		5528C3F82BDCD534004FF6DA /* SnapKit-Dynamic */ = {
			isa = XCSwiftPackageProductDependency;
			package = 5528C3F52BDCD534004FF6DA /* XCRemoteSwiftPackageReference "SnapKit" */;
			productName = "SnapKit-Dynamic";
		};
/* End XCSwiftPackageProductDependency section */
	};
	rootObject = 5528C3D02BDCD325004FF6DA /* Project object */;
}
